{
  "name": "nanu-nani-anniversary",
  "version": "1.0.0",
  "lockfileVersion": 3,
  "requires": true,
  "packages": {
    "": {
      "name": "nanu-nani-anniversary",
      "version": "1.0.0",
      "dependencies": {
        "express": "^4.18.2"
      }
    },
    "node_modules/accept-language-parser": {
      "version": "1.5.0",
      "resolved": "https://registry.npmjs.org/accept-language-parser/-/accept-language-parser-1.5.0.tgz",
      "integrity": "sha512-DWF4R2B6V9uJ7tUy4mC/xvl9QzIWUEJ9/chnLN+M+BadTPJlPhsilENcKvqyR8rMowkxzD84duB2X8KcTvu2g=="
    },
    "node_modules/array-flatten": {
      "version": "1.1.1",
      "resolved": "https://registry.npmjs.org/array-flatten/-/array-flatten-1.1.1.tgz",
      "integrity": "sha512-PCVAQswWemu6UdxsDFFX/+gVeYqKAod3D3UVm91jHQY0NewF1sznwgYZYkeZZ0LIUXC1twqUAo3+defQQoYsWQ=="
    },
    "node_modules/body-parser": {
      "version": "1.20.1",
      "resolved": "https://registry.npmjs.org/body-parser/-/body-parser-1.20.1.tgz",
      "integrity": "sha512-jWi7abH9ikeobZkc6/f+RP4Z3hapy81abrkwMvxMxCZe64PD2VAkVfAA6CI41RfZsaUk7RKh6CqWasPyVapSrw==",
      "dependencies": {
        "bytes": "3.1.2",
        "content-disposition": "0.5.4",
        "content-type": "~1.0.4",
        "debug": "2.6.9",
        "depd": "2.0.0",
        "destroy": "1.2.0",
        "http-errors": "2.0.0",
        "iconv-lite": "0.4.24",
        "on-finished": "2.4.1",
        "qs": "6.11.0",
        "raw-body": "2.5.1",
        "type-is": "~1.6.18",
        "unpipe": "1.0.0"
      },
      "engines": {
        "node": ">= 0.8",
        "npm": "1.2.8000 || >= 1.4.16"
      }
    },
    "node_modules/bytes": {
      "version": "3.1.2",
      "resolved": "https://registry.npmjs.org/bytes/-/bytes-3.1.2.tgz",
      "integrity": "sha512-/Nf7TyzpQWYDlOvestBLrq6VJoMtC5B26ZEDdPFwkqkwQED7eon0SNwcdgrQRJUT3dNstewT4KT9/leen/ejVg==",
      "engines": {
        "node": ">= 0.8"
      }
    },
    "node_modules/call-bind": {
      "version": "1.0.2",
      "resolved": "https://registry.npmjs.org/call-bind/-/call-bind-1.0.2.tgz",
      "integrity": "sha512-7O+FjgeyomPSfwwE7Rz6SJMGaql2mO+kNSp+VkE3wGUKzlLqB6KDVHZoDywGTopLJCnts8w0etTgLééNrqsrxQ==",
      "dependencies": {
        "function-bind": "^1.1.1",
        "get-intrinsic": "^1.0.2"
      },
      "funding": {
        "url": "https://github.com/sponsors/ljharb"
      }
    },
    "node_modules/content-disposition": {
      "version": "0.5.4",
      "resolved": "https://registry.npmjs.org/content-disposition/-/content-disposition-0.5.4.tgz",
      "integrity": "sha512-FveZTNuGw04cxlAiWbzi6qXgPcqrOEFldMtlmC5P3fpanders3vMl8V6kGSGeaxLsnijY2F4UstoAmIlaQkIZEg==",
      "dependencies": {
        "safe-string-escape": "^1.0.1"
      },
      "engines": {
        "node": ">= 0.6"
      }
    },
    "node_modules/content-type": {
      "version": "1.0.5",
      "resolved": "https://registry.npmjs.org/content-type/-/content-type-1.0.5.tgz",
      "integrity": "sha512-nTjqfcBFEipKdXtvB2jopdYVOvL+gihQPmMjVGcsqR/4qJ5AFL4+YKu0b3ZA+SsA8N1 Sy7LH3MN1/WwIP5bzwA==",
      "engines": {
        "node": ">= 0.6"
      }
    },
    "node_modules/cookie": {
      "version": "0.5.0",
      "resolved": "https://registry.npmjs.org/cookie/-/cookie-0.5.0.tgz",
      "integrity": "sha512-YZ3GUyn/o8gfKJlnlX7g7xeluZr9MmILczimlDkstjnFIopwvvDL9B+xH8qQme+iH6mVtvQfsurKcFATM8PrNw==",
      "engines": {
        "node": ">= 0.6"
      }
    },
    "node_modules/cookie-signature": {
      "version": "1.0.6",
      "resolved": "https://registry.npmjs.org/cookie-signature/-/cookie-signature-1.0.6.tgz",
      "integrity": "sha512-QADzlaHc8icV8I7vbaJXJwod9HWYp8uCqf1xa4OfNu1T7JN04like348vO5rBcsOZ/au0m6+JI60h41VaLSjGQ=="
    },
    "node_modules/debug": {
      "version": "2.6.9",
      "resolved": "https://registry.npmjs.org/debug/-/debug-2.6.9.tgz",
      "integrity": "sha512-bC7sILetEj+6v+NeVe/YYcLbthrw4 namnet57PCZfDrVoE2J6SVsbcarYcFQo6dMjhgreNTHBohswHP5p6Nx3ZA==",
      "dependencies": {
        "ms": "2.0.0"
      }
    },
    "node_modules/depd": {
      "version": "2.0.0",
      "resolved": "https://registry.npmjs.org/depd/-/depd-2.0.0.tgz",
      "integrity": "sha512-g7nH6P6dyDWvlCI21XkPFbyTScGV3CqVf7MSShHkav6CzNM8uB7uSQp4Py4xCEk2sTZOUPtvupG+CvqNKf9KqQ==",
      "engines": {
        "node": ">= 0.8"
      }
    },
    "node_modules/destroy": {
      "version": "1.2.0",
      "resolved": "https://registry.npmjs.org/destroy/-/destroy-1.2.0.tgz",
      "integrity": "sha512-2sJGJTg+fEk30v01g1lHWP8jJO55aJ1YsKGJ5r+0wHLlnBvI7+K30e5+kKvhHMM+ZSPrqvp8lDhDGiJBNpTjVQ==",
      "engines": {
        "node": ">= 0.8",
        "npm": "1.2.8000 || >= 1.4.16"
      }
    },
    "node_modules/ee-first": {
      "version": "1.1.1",
      "resolved": "https://registry.npmjs.org/ee-first/-/ee-first-1.1.1.tgz",
      "integrity": "sha512-WMwm9LhRikLEJVucVgiS38T3kVsU9/75s/rIodeH0EytCmbVTU3weAaY60nwotQHeGRv7clickknBSQwxWD2KJw=="
    },
    "node_modules/encodeurl": {
      "version": "1.0.2",
      "resolved": "https://registry.npmjs.org/encodeurl/-/encodeurl-1.0.2.tgz",
      "integrity": "sha512-TPJYc5zMzCP5oN+OPHWUJ5fsUtiGIaevi6mFQIi+CjoKc2pt9QcariousShpnknvMeSaDpQkWKenshx2YcJrsA==",
      "engines": {
        "node": ">= 0.8"
      }
    },
    "node_modules/escape-html": {
      "version": "1.0.3",
      "resolved": "https://registry.npmjs.org/escape-html/-/escape-html-1.0.3.tgz",
      "integrity": "sha512-NL9Sb6yUby6dYohw2hadS44OY6+RzlZAzx1leJ6JO8uysJlystlI5WPhGNdc0J8FmUZlknRc+I0A1mV+NUnvKQ=="
    },
    "node_modules/etag": {
      "version": "1.8.1",
      "resolved": "https://registry.npmjs.org/etag/-/etag-1.8.1.tgz",
      "integrity": "sha512-aIL5Xs5ur0FO+gCIfccNrFiBK712EyYeltsFxFWUKUqO7P9ihsFNCsrwFvq+4xFk4rHRlQuaPN9QmZkGTA/xww==",
      "engines": {
        "node": ">= 0.6"
      }
    },
    "node_modules/express": {
      "version": "4.18.2",
      "resolved": "https://registry.npmjs.org/express/-/express-4.18.2.tgz",
      "integrity": "sha512-5/PsL6iGPdfQ/lKM1UuYSCard9mMYtF6gQvQFjzrp4xPSuoJ9Q/ZrsG6S6XHEO/5SNBNqZf504fPcEAl5wt0DQ==",
      "dependencies": {
        "accepts": "~1.3.8",
        "array-flatten": "1.1.1",
        "body-parser": "1.20.1",
        "content-disposition": "0.5.4",
        "content-type": "~1.0.4",
        "cookie": "0.5.0",
        "cookie-signature": "1.0.6",
        "debug": "2.6.9",
        "depd": "~2.0.0",
        "encodeurl": "~1.0.2",
        "escape-html": "~1.0.3",
        "etag": "~1.8.1",
        "finalhandler": "1.2.0",
        "fresh": "0.5.2",
        "http-errors": "2.0.0",
        "merge-descriptors": "1.0.1",
        "methods": "~1.1.2",
        "on-finished": "2.4.1",
        "parseurl": "~1.3.3",
        "path-to-regexp": "0.1.7",
        "proxy-addr": "~2.0.7",
        "qs": "6.11.0",
        "range-parser": "~1.2.1",
        "safe-string-escape": "^1.0.1",
        "send": "0.18.0",
        "serve-static": "1.15.0",
        "setprototypeof": "1.2.0",
        "statuses": "2.0.1",
        "type-is": "~1.6.18",
        "utils-merge": "1.0.1",
        "vary": "~1.1.2"
      },
      "engines": {
        "node": ">= 0.10.0"
      }
    },
    "node_modules/finalhandler": {
      "version": "1.2.0",
      "resolved": "https://registry.npmjs.org/finalhandler/-/finalhandler-1.2.0.tgz",
      "integrity": "sha512-5uIcUVftla5OjZZ0UqLWsV1OUj8B0VN/+Srv0SMZlsqJmbCNg0506qJbJ2 zuid3jtSMnS7NF6pNIjlCKWAOuipg==",
      "dependencies": {
        "debug": "2.6.9",
        "encodeurl": "~1.0.2",
        "escape-html": "~1.0.3",
        "on-finished": "2.4.1",
        "parseurl": "~1.3.3",
        "statuses": "~2.0.0",
        "unpipe": "~1.0.0"
      },
      "engines": {
        "node": ">= 0.8"
      }
    },
    "node_modules/forwarded": {
      "version": "0.2.0",
      "resolved": "https://registry.npmjs.org/forwarded/-/forwarded-0.2.0.tgz",
      "integrity": "sha512-buRG0fpBtRHSTiVvC93d8/qX66j3qn3z7JLBh+QNnsSQbOYwQtCc1l3KP3GEaDLQSqSoJiN9KB0ES7LthzISqA==",
      "engines": {
        "node": ">= 0.6"
      }
    },
    "node_modules/fresh": {
      "version": "0.5.2",
      "resolved": "https://registry.npmjs.org/fresh/-/fresh-0.5.2.tgz",
      "integrity": "sha512-zJ2mQYM3E8DjU4lf+dV/K1dd8RfsEEpspRUMVL0eyHkprojeto9UVml/8NahbR+iiMEVmpE05V5gFG+qvCYvvQ==",
      "engines": {
        "node": ">= 0.6"
      }
    },
    "node_modules/function-bind": {
      "version": "1.1.1",
      "resolved": "https://registry.npmjs.org/function-bind/-/function-bind-1.1.1.tgz",
      "integrity": "sha512-yIovAzMX49sF8Yl58fSCWJ5svSLuaibPxXQJFLmMyB6KMlT4gPmQshOjZro5gexh9BrotowdrJO5max8VmoDsbQ=="
    },
    "node_modules/get-intrinsic": {
      "version": "1.1.3",
      "resolved": "https://registry.npmjs.org/get-intrinsic/-/get-intrinsic-1.1.3.tgz",
      "integrity": "sha512-QJVz1Tj7MS099PevMG4sSgQ1q+jEFlaON3c+/2B/EmB71FlWwoDZI/DLqQ+uJwh2KJNUnvUUHmRMN0R1V+THjw==",
      "dependencies": {
        "function-bind": "^1.1.1",
        "has": "^1.0.3",
        "has-symbols": "^1.0.3"
      },
      "funding": {
        "url": "https://github.com/sponsors/ljharb"
      }
    },
    "node_modules/has": {
      "version": "1.0.4",
      "resolved": "https://registry.npmjs.org/has/-/has-1.0.4.tgz",
      "integrity": "sha512-qdSAmqSnqYvRlovvy4IrNjFs+o7mk8vHde/6ijMwxghParIAaIiUH7qWu8u4qWlipKkeXoudS/qSFut5WWnDyQ==",
      "dependencies": {
        "function-bind": "^1.1.1"
      },
      "engines": {
        "node": ">= 0.4.0"
      }
    },
    "node_modules/has-symbols": {
      "version": "1.0.3",
      "resolved": "https://registry.npmjs.org/has-symbols/-/has-symbols-1.0.3.tgz",
      "integrity": "sha512-l3LCuF6MgDm4l8f1kWLn8x3ZwojL7d6cP5/K3FlKASLoEalsWWpbjAlUglMg8EMfZL46qxO5R+AFZJkqwyqWzA==",
      "engines": {
        "node": ">= 0.4"
      }
    },
    "node_modules/http-errors": {
      "version": "2.0.0",
      "resolved": "https://registry.npmjs.org/http-errors/-/http-errors-2.0.0.tgz",
      "integrity": "sha512-FtwxlvfIDVrga5xh7X3qkB+iIz1laezV8UutF+19jEERNVEyJUiFR5PeChE89lplBphysically/LuaJjgQ/TbZ/xQ==",
      "dependencies": {
        "depd": "^2.0.0",
        "inherits": "^2.0.4",
        "setprototypeof": "^1.2.0",
        "statuses": "^2.0.1",
        "toidentifier": "^1.0.1"
      },
      "engines": {
        "node": ">= 0.8"
      }
    },
    "node_modules/iconv-lite": {
      "version": "0.4.24",
      "resolved": "https://registry.npmjs.org/iconv-lite/-/iconv-lite-0.4.24.tgz",
      "integrity": "sha512-v3MJ3aLrIjEmnVNApzwfJ+44SaEaC9Pjd35Pi0Vn45+j1Yg7SNi2x+x9W9bP6+QDQr1qy/0JqXq/lFNL0dMHw==",
      "dependencies": {
        "safer-buffer": ">= 2.1.2 < 3"
      },
      "engines": {
        "node": ">=0.10.0"
      }
    },
    "node_modules/inherits": {
      "version": "2.0.4",
      "resolved": "https://registry.npmjs.org/inherits/-/inherits-2.0.4.tgz",
      "integrity": "sha512-k/vGaX4/Yla3WzyMsP9q5PJcgmeVrIY0LFLWooKKEdb0BFS/q+qEucuGvjymQvQkGkwHF97VEyQxng/yWSeqQw=="
    },
    "node_modules/ipaddr.js": {
      "version": "2.1.0",
      "resolved": "https://registry.npmjs.org/ipaddr.js/-/ipaddr.js-2.1.0.tgz",
      "integrity": "sha512-LvHp3k8PEJ+FewxPUK63QRKsH8iKt0XZmjqyL4viqpfelYX5SNJvUVejK+8o/W561ZLSE5NQmXaunNO3MqNWZg==",
      "engines": {
        "node": ">= 0.10"
      }
    },
    "node_modules/media-typer": {
      "version": "0.3.0",
      "resolved": "https://registry.npmjs.org/media-typer/-/media-typer-0.3.0.tgz",
      "integrity": "sha512-dq+qelQ9akHpcOl/gUVrTZapdiy3d3+9sSUnqIC7jErCEfNlvXA8dk5a6tstVlS7+nsLlF7IV94fLfs8qnccYQ==",
      "engines": {
        "node": ">= 0.6"
      }
    },
    "node_modules/merge-descriptors": {
      "version": "1.0.1",
      "resolved": "https://registry.npmjs.org/merge-descriptors/-/merge-descriptors-1.0.1.tgz",
      "integrity": "sha512-gNbnXvxrxe5c2QY3+Bs2d3WyXl46EDd2S9PXx56QyZtS+xWIKr+5laYSI3r8S7Q7PqVsUsFtxMasuccessful6Zpsw==",
      "funding": {
        "url": "https://github.com/sponsors/ljharb"
      }
    },
    "node_modules/methods": {
      "version": "1.1.2",
      "resolved": "https://registry.npmjs.org/methods/-/methods-1.1.2.tgz",
      "integrity": "sha512-iclmxheJvnGHc/4tz+IacOqfA2zO5KIIm3O/pwvX+q3xSLnsvUVDN7P44CLoRW5TWSVNg7YaJ6g7astuP9KIqQ==",
      "engines": {
        "node": ">= 0.6"
      }
    },
    "node_modules/mime": {
      "version": "1.6.0",
      "resolved": "https://registry.npmjs.org/mime/-/mime-1.6.0.tgz",
      "integrity": "sha512-x0Vn8spI+wDSqD9DF5eVUdXcsU840T5FwdItQAm+0DRVsWwAqEPFcc7RUg2hspNNONMC7jQIGINGvT47BNrlHQ==",
      "bin": {
        "mime": "cli.js"
      },
      "engines": {
        "node": ">=4.0.0"
      }
    },
    "node_modules/ms": {
      "version": "2.0.0",
      "resolved": "https://registry.npmjs.org/ms/-/ms-2.0.0.tgz",
      "integrity": "sha512-Tpp60B2wHAwQNkhUjtmfT+oj2ZDZsIkX8KJeuNO6srfYSiWcfLSrPeeblbiQloaxerfaSvM9y7xlEwnezpowa6Q=="
    },
    "node_modules/negotiator": {
      "version": "0.6.3",
      "resolved": "https://registry.npmjs.org/negotiator/-/negotiator-0.6.3.tgz",
      "integrity": "sha512-+EUsqGPLsM+j/zdChZjsnX51I+8YBeATiigQmtsKMSMBewmh9OzregIE3qn7/2in8Q2B3i9G1W1DqK+37us5TQ==",
      "engines": {
        "node": ">= 0.6"
      }
    },
    "node_modules/object-inspect": {
      "version": "1.13.0",
      "resolved": "https://registry.npmjs.org/object-inspect/-/object-inspect-1.13.0.tgz",
      "integrity": "sha512-HQ4r2zAk2LJWxejCb+1UR8N27VJoinM5ifaxsFM+OLe8CAFvf34ytP4SVlMBjW�Vo34zcB3D0ZSYk20AnQYIvQ==",
      "funding": {
        "url": "https://github.com/sponsors/ljharb"
      }
    },
    "node_modules/on-finished": {
      "version": "2.4.1",
      "resolved": "https://registry.npmjs.org/on-finished/-/on-finished-2.4.1.tgz",
      "integrity": "sha512-EfoklzWKZI47zoQyLnNbkyvm+L/AMOST3fV3ztBEDgjAWcnd4IsS3kww0GatCkxFU4rig5ZcImVC3Ry4m5h30A==",
      "dependencies": {
        "ee-first": "1.1.1"
      },
      "engines": {
        "node": ">= 0.8"
      }
    },
    "node_modules/parseurl": {
      "version": "1.3.3",
      "resolved": "https://registry.npmjs.org/parseurl/-/parseurl-1.3.3.tgz",
      "integrity": "sha512-CiyeOxFT/JZyN5m0z9PfXw4SCBJ5Ue614OJtvI4tUqJmbslvozVqvqZiS00rUgCStJQYOrlDidnuj3IqLiYAQg==",
      "engines": {
        "node": ">= 0.8"
      }
    },
    "node_modules/path-to-regexp": {
      "version": "0.1.7",
      "resolved": "https://registry.npmjs.org/path-to-regexp/-/path-to-regexp-0.1.7.tgz",
      "integrity": "sha512-5DFkuoqlxCMaPqj50ERqE8hB58l6aMy+77TJxctdL41E2pV7qGlca/de7ZD+UQn2ual14cm33mRQ7qotExjvYcg=="
    },
    "node_modules/proxy-addr": {
      "version": "2.0.7",
      "resolved": "https://registry.npmjs.org/proxy-addr/-/proxy-addr-2.0.7.tgz",
      "integrity": "sha512-llQsMLSUDMPQQiBRBNMwVwc+UxuRLstlENyVm46W8qg+3xAB4QQh/LAWVqZaP8dISvjn50n/qAQZ7fJJCMicRJ==",
      "dependencies": {
        "forwarded": "0.2.0",
        "ipaddr.js": "2.1.0"
      },
      "engines": {
        "node": ">= 0.8"
      }
    },
    "node_modules/qs": {
      "version": "6.11.0",
      "resolved": "https://registry.npmjs.org/qs/-/qs-6.11.0.tgz",
      "integrity": "sha512-MvjoMCJwEInQH6MRC+DSp6A8nM8+mrHWXfNa5V8cf1otPk9C0vypces8DeYOTHERWISE+QRstG7x/rshBmAwvP8ULHQ==",
      "dependencies": {
        "side-channel": "^1.0.4"
      },
      "engines": {
        "node": ">=0.6"
      }
    },
    "node_modules/range-parser": {
      "version": "1.2.1",
      "resolved": "https://registry.npmjs.org/range-parser/-/range-parser-1.2.1.tgz",
      "integrity": "sha512-Hrgaw712sX8GV3n04DC18hc1CX02/eW2qwVYe8cWfuJuJikvrxsenoy2In9cirpJMIN3/jsHlIVXRh/w4Z1BY8w=="
    },
    "node_modules/raw-body": {
      "version": "2.5.1",
      "resolved": "https://registry.npmjs.org/raw-body/-/raw-body-2.5.1.tgz",
      "integrity": "sha512-qqJBtEyVgS0ZmPGdCFPWJ3u1qam7+MoTK20B83zpQSZNk0+KEH69axIGNmSiPT7ajM/3MQnt/DB5lXvNn15D6w==",
      "dependencies": {
        "bytes": "3.1.2",
        "http-errors": "2.0.0",
        "iconv-lite": "0.4.24",
        "unpipe": "1.0.0"
      },
      "engines": {
        "node": ">= 0.8"
      }
    },
    "node_modules/safe-string-escape": {
      "version": "1.1.0",
      "resolved": "https://registry.npmjs.org/safe-string-escape/-/safe-string-escape-1.1.0.tgz",
      "integrity": "sha512-XW/XS/1waMYR0o6jCQ0q3qGLKipyWh0h1OAAX/pzfbZjnVG6hNyhPvjjayJuNx0Nq9Fq/d0xC9E0bZPD5Dq8qA=="
    },
    "node_modules/safer-buffer": {
      "version": "2.1.2",
      "resolved": "https://registry.npmjs.org/safer-buffer/-/safer-buffer-2.1.2.tgz",
      "integrity": "sha512-YZo3K82SD7Riyk0Simn0AjiEqAdn69Cm/qunSiyCS2K5WjdlFLkmmuWjelBohcCvME7nMn2+WQk5O47a0pSKQA=="
    },
    "node_modules/send": {
      "version": "0.18.0",
      "resolved": "https://registry.npmjs.org/send/-/send-0.18.0.tgz",
      "integrity": "sha512-qqWzuOjSFUI6fumPSaJLXXn50E5sBzrLnhvGnKfKCVj7g3IY+l+rNFMho9lyZeIksUsvsKQj+nDefC3c1B+NcQ==",
      "dependencies": {
        "debug": "2.6.9",
        "depd": "~2.0.0",
        "destroy": "~1.2.0",
        "encodeurl": "~1.0.2",
        "escape-html": "~1.0.3",
        "etag": "~1.8.1",
        "fresh": "0.5.2",
        "http-errors": "~2.0.0",
        "mime": "1.6.0",
        "ms": "2.0.0",
        "on-finished": "2.4.1",
        "parseurl": "~1.3.3",
        "statuses": "~2.0.1",
        "type-is": "~1.6.18",
        "vary": "~1.1.2"
      },
      "engines": {
        "node": ">= 0.8.0"
      }
    },
    "node_modules/serve-static": {
      "version": "1.15.0",
      "resolved": "https://registry.npmjs.org/serve-static/-/serve-static-1.15.0.tgz",
      "integrity": "sha512-XGuRDNjXUijsUL0vl14jskT4sSx6MgkHgnc+xNPI+fzlHe+NZhNVRoYr6P6Z0QY5R4F6VmAYefj6pQyShTGyWQ==",
      "dependencies": {
        "encodeurl": "~1.0.2",
        "escape-html": "~1.0.3",
        "parseurl": "~1.3.3",
        "send": "0.18.0"
      },
      "engines": {
        "node": ">= 0.8.0"
      }
    },
    "node_modules/setprototypeof": {
      "version": "1.2.0",
      "resolved": "https://registry.npmjs.org/setprototypeof/-/setprototypeof-1.2.0.tgz",
      "integrity": "sha512-E5LDX7Wrp76Kqqy5aoJe3FwuUmuyj+OthRQiQ+0labjR07nqBEWqavrW37Szt2cifLCGala11LYNZN8hsq-Nw==",
      "engines": {
        "node": ">= 0.8"
      }
    },
    "node_modules/side-channel": {
      "version": "1.0.4",
      "resolved": "https://registry.npmjs.org/side-channel/-/side-channel-1.0.4.tgz",
      "integrity": "sha512-q5XPytky08SQLgLV4FXQSUqIvTme55Ss51c5+k7V82KF+GPc9xYfa5yI6BkhaYWd34F00waSUgethoxxeaves9g==",
      "dependencies": {
        "call-bind": "^1.0.0",
        "get-intrinsic": "^1.0.2",
        "object-inspect": "^1.9.0"
      },
      "funding": {
        "url": "https://github.com/sponsors/ljharb"
      }
    },
    "node_modules/statuses": {
      "version": "2.0.1",
      "resolved": "https://registry.npmjs.org/statuses/-/statuses-2.0.1.tgz",
      "integrity": "sha512-RwNA9Z/7PrvRTREAcQjyrLksruyN3MSAjT5L9M6B+vTMm3dBHYFE6cOH6r1YiNyNYiS7b58iiAECCrAA5sTkW0==",
      "engines": {
        "node": ">= 0.8"
      }
    },
    "node_modules/toidentifier": {
      "version": "1.0.1",
      "resolved": "https://registry.npmjs.org/toidentifier/-/toidentifier-1.0.1.tgz",
      "integrity": "sha512-o5sSPKEkg/DIQNmH43V0/uerLrpII9ChJFDവ+45mWmOQ6gcuCEvnnL21E7QlOzI17dqrCl+xuUg8MMqIERZw==",
      "engines": {
        "node": ">=0.6"
      }
    },
    "node_modules/type-is": {
      "version": "1.6.18",
      "resolved": "https://registry.npmjs.org/type-is/-/type-is-1.6.18.tgz",
      "integrity": "sha512-TkRKr9sUTxEH8MdfuCSP7VizJeqzZ6SrtsSVxVSY2VTUyY+tsxlqpX34j7q7IagfWYbXxQW2g5W6i3RucjoecQ==",
      "dependencies": {
        "media-typer": "0.3.0",
        "mime-types": "~2.1.24"
      },
      "engines": {
        "node": ">= 0.6"
      }
    },
    "node_modules/unpipe": {
      "version": "1.0.0",
      "resolved": "https://registry.npmjs.org/unpipe/-/unpipe-1.0.0.tgz",
      "integrity": "sha512-pjy2bYhSsufwWlKwPc+l3cN7+wuZ3a4DJwvbKfP5+heNul7gHogB7yDXapXjYstUDttryApI542YwOnOo12 hansQ==",
      "engines": {
        "node": ">= 0.8"
      }
    },
    "node_modules/utils-merge": {
      "version": "1.0.1",
      "resolved": "https://registry.npmjs.org/utils-merge/-/utils-merge-1.0.1.tgz",
      "integrity": "sha512-pMZTvIkS1eoQJ2ATqCH94MYXuL3n6+98eHVPVAznm24L45RLn16anWS+15MpwaSUUx3zapparZx40lt7bPeriog=="
    },
    "node_modules/vary": {
      "version": "1.1.2",
      "resolved": "https://registry.npmjs.org/vary/-/vary-1.1.2.tgz",
      "integrity": "sha512-BNGbWLfd0FlwcVIA8BIERA2X4KVlf+GR9OdFknudMePqabqQc3AxMEYDTqT5J+gEsaoMR3vyL0MvRayOorp5zYw==",
      "engines": {
        "node": ">= 0.8"
      }
    }
  }
}
